
Microsoft Visual Studio Solution File, Format Version 12.00
# Visual Studio Version 16
VisualStudioVersion = 16.0.30114.105
MinimumVisualStudioVersion = 10.0.40219.1
Project("{FAE04EC0-301F-11D3-BF4B-00C04F79EFBC}") = "AoC2021.Day1", "AoC2021.Day1\AoC2021.Day1.csproj", "{6FB230DB-9311-4078-BF07-150671F994BB}"
EndProject
Project("{FAE04EC0-301F-11D3-BF4B-00C04F79EFBC}") = "AoC2021.Day2", "AoC2021.Day2\AoC2021.Day2.csproj", "{D0EFDD0B-C9DF-46E1-98C7-408E62BA6CB1}"
EndProject
Project("{FAE04EC0-301F-11D3-BF4B-00C04F79EFBC}") = "AoC2021.Day3", "AoC2021.Day3\AoC2021.Day3.csproj", "{24AE6F1D-941A-4EB2-9C8D-2090466BC85A}"
EndProject
Project("{FAE04EC0-301F-11D3-BF4B-00C04F79EFBC}") = "AoC2021.Day4", "AoC2021.Day4\AoC2021.Day4.csproj", "{0ABC4F58-F4A0-485F-8226-E618D3BFD132}"
EndProject
Project("{FAE04EC0-301F-11D3-BF4B-00C04F79EFBC}") = "AoC2021.Day5", "AoC2021.Day5\AoC2021.Day5.csproj", "{DA94C6F2-3A0F-424B-91F7-F5D827EF85FF}"
EndProject
Project("{FAE04EC0-301F-11D3-BF4B-00C04F79EFBC}") = "AoC2021.Day6", "AoC2021.Day6\AoC2021.Day6.csproj", "{DFEEF998-E8B0-4997-9811-210AEF0F30BB}"
EndProject
Project("{FAE04EC0-301F-11D3-BF4B-00C04F79EFBC}") = "AoC2021.Day7", "AoC2021.Day7\AoC2021.Day7.csproj", "{2E653A67-249C-4C35-9E31-97CEA8472777}"
EndProject
Project("{FAE04EC0-301F-11D3-BF4B-00C04F79EFBC}") = "AoC2021.Day8", "AoC2021.Day8\AoC2021.Day8.csproj", "{DE905979-D31F-48EA-ADB7-F318E8CB81F5}"
EndProject
Project("{FAE04EC0-301F-11D3-BF4B-00C04F79EFBC}") = "AoC2021.Day9", "AoC2021.Day9\AoC2021.Day9.csproj", "{C6C78D99-7EC6-4CB2-9CFB-8626998BE7E2}"
EndProject
Project("{FAE04EC0-301F-11D3-BF4B-00C04F79EFBC}") = "AoC2021.Day10", "AoC2021.Day10\AoC2021.Day10.csproj", "{874152A6-5353-4870-849F-136E6E848CD9}"
EndProject
Project("{FAE04EC0-301F-11D3-BF4B-00C04F79EFBC}") = "AoC2021.Day11", "AoC2021.Day11\AoC2021.Day11.csproj", "{E1849CC1-8EFA-49EE-A6D1-5B3E0806C977}"
EndProject
Project("{FAE04EC0-301F-11D3-BF4B-00C04F79EFBC}") = "AoC2021.Day12", "AoC2021.Day12\AoC2021.Day12.csproj", "{1DE2CBFA-73EA-45C7-A33B-FD8E08AA69DE}"
EndProject
Project("{FAE04EC0-301F-11D3-BF4B-00C04F79EFBC}") = "AoC2021.Day13", "AoC2021.Day13\AoC2021.Day13.csproj", "{7C0D5BB1-3AE6-45AD-A540-317CE34106B2}"
EndProject
Project("{FAE04EC0-301F-11D3-BF4B-00C04F79EFBC}") = "AoC2021.Day14", "AoC2021.Day14\AoC2021.Day14.csproj", "{FBA1F785-DAFF-458D-9558-4BA6978AFB70}"
EndProject
Project("{FAE04EC0-301F-11D3-BF4B-00C04F79EFBC}") = "AoC2021.Day15", "AoC2021.Day15\AoC2021.Day15.csproj", "{B0A5A5DF-07F6-4E97-8F7C-B770992B0370}"
EndProject
Project("{FAE04EC0-301F-11D3-BF4B-00C04F79EFBC}") = "AoC2021.Day16", "AoC2021.Day16\AoC2021.Day16.csproj", "{0B91F8C4-9B2E-4A2A-9AE7-AB6FD9CBFCCC}"
EndProject
Project("{FAE04EC0-301F-11D3-BF4B-00C04F79EFBC}") = "AoC2021.Day17", "AoC2021.Day17\AoC2021.Day17.csproj", "{37BE41AA-B661-4306-8E73-85EAED47C6C8}"
EndProject
Project("{FAE04EC0-301F-11D3-BF4B-00C04F79EFBC}") = "AoC2021.Day18", "AoC2021.Day18\AoC2021.Day18.csproj", "{6FBA6319-FB60-4E40-BB0A-ED618C1FB4FE}"
EndProject
Project("{FAE04EC0-301F-11D3-BF4B-00C04F79EFBC}") = "AoC2021.Day19", "AoC2021.Day19\AoC2021.Day19.csproj", "{2823E1CC-7E8C-4231-8C17-35494DDADBF0}"
EndProject
Project("{FAE04EC0-301F-11D3-BF4B-00C04F79EFBC}") = "AoC2021.Day20", "AoC2021.Day20\AoC2021.Day20.csproj", "{829961E2-B59C-4B65-80C5-9D8916B2D188}"
EndProject
Project("{FAE04EC0-301F-11D3-BF4B-00C04F79EFBC}") = "AoC2021.Day21", "AoC2021.Day21\AoC2021.Day21.csproj", "{65828A23-48B1-48ED-9574-69C566C291B3}"
EndProject
Project("{FAE04EC0-301F-11D3-BF4B-00C04F79EFBC}") = "AoC2021.Day22", "AoC2021.Day22\AoC2021.Day22.csproj", "{DF8432EA-D8B6-4767-BE35-963F382CB40A}"
EndProject
Project("{FAE04EC0-301F-11D3-BF4B-00C04F79EFBC}") = "AoC2021.Tests", "AoC2021.Tests\AoC2021.Tests.csproj", "{46C72BDE-72FA-4CF9-8854-911AE6E72F7D}"
EndProject
Project("{FAE04EC0-301F-11D3-BF4B-00C04F79EFBC}") = "AoC2021.Day23", "AoC2021.Day23\AoC2021.Day23.csproj", "{92851143-C47D-4086-96A4-5711CA8FB2CE}"
EndProject
Global
	GlobalSection(SolutionConfigurationPlatforms) = preSolution
		Debug|Any CPU = Debug|Any CPU
		Release|Any CPU = Release|Any CPU
	EndGlobalSection
	GlobalSection(SolutionProperties) = preSolution
		HideSolutionNode = FALSE
	EndGlobalSection
	GlobalSection(ProjectConfigurationPlatforms) = postSolution
		{6FB230DB-9311-4078-BF07-150671F994BB}.Debug|Any CPU.ActiveCfg = Debug|Any CPU
		{6FB230DB-9311-4078-BF07-150671F994BB}.Debug|Any CPU.Build.0 = Debug|Any CPU
		{6FB230DB-9311-4078-BF07-150671F994BB}.Release|Any CPU.ActiveCfg = Release|Any CPU
		{6FB230DB-9311-4078-BF07-150671F994BB}.Release|Any CPU.Build.0 = Release|Any CPU
		{D0EFDD0B-C9DF-46E1-98C7-408E62BA6CB1}.Debug|Any CPU.ActiveCfg = Debug|Any CPU
		{D0EFDD0B-C9DF-46E1-98C7-408E62BA6CB1}.Debug|Any CPU.Build.0 = Debug|Any CPU
		{D0EFDD0B-C9DF-46E1-98C7-408E62BA6CB1}.Release|Any CPU.ActiveCfg = Release|Any CPU
		{D0EFDD0B-C9DF-46E1-98C7-408E62BA6CB1}.Release|Any CPU.Build.0 = Release|Any CPU
		{24AE6F1D-941A-4EB2-9C8D-2090466BC85A}.Debug|Any CPU.ActiveCfg = Debug|Any CPU
		{24AE6F1D-941A-4EB2-9C8D-2090466BC85A}.Debug|Any CPU.Build.0 = Debug|Any CPU
		{24AE6F1D-941A-4EB2-9C8D-2090466BC85A}.Release|Any CPU.ActiveCfg = Release|Any CPU
		{24AE6F1D-941A-4EB2-9C8D-2090466BC85A}.Release|Any CPU.Build.0 = Release|Any CPU
		{0ABC4F58-F4A0-485F-8226-E618D3BFD132}.Debug|Any CPU.ActiveCfg = Debug|Any CPU
		{0ABC4F58-F4A0-485F-8226-E618D3BFD132}.Debug|Any CPU.Build.0 = Debug|Any CPU
		{0ABC4F58-F4A0-485F-8226-E618D3BFD132}.Release|Any CPU.ActiveCfg = Release|Any CPU
		{0ABC4F58-F4A0-485F-8226-E618D3BFD132}.Release|Any CPU.Build.0 = Release|Any CPU
		{DA94C6F2-3A0F-424B-91F7-F5D827EF85FF}.Debug|Any CPU.ActiveCfg = Debug|Any CPU
		{DA94C6F2-3A0F-424B-91F7-F5D827EF85FF}.Debug|Any CPU.Build.0 = Debug|Any CPU
		{DA94C6F2-3A0F-424B-91F7-F5D827EF85FF}.Release|Any CPU.ActiveCfg = Release|Any CPU
		{DA94C6F2-3A0F-424B-91F7-F5D827EF85FF}.Release|Any CPU.Build.0 = Release|Any CPU
		{DFEEF998-E8B0-4997-9811-210AEF0F30BB}.Debug|Any CPU.ActiveCfg = Debug|Any CPU
		{DFEEF998-E8B0-4997-9811-210AEF0F30BB}.Debug|Any CPU.Build.0 = Debug|Any CPU
		{DFEEF998-E8B0-4997-9811-210AEF0F30BB}.Release|Any CPU.ActiveCfg = Release|Any CPU
		{DFEEF998-E8B0-4997-9811-210AEF0F30BB}.Release|Any CPU.Build.0 = Release|Any CPU
		{2E653A67-249C-4C35-9E31-97CEA8472777}.Debug|Any CPU.ActiveCfg = Debug|Any CPU
		{2E653A67-249C-4C35-9E31-97CEA8472777}.Debug|Any CPU.Build.0 = Debug|Any CPU
		{2E653A67-249C-4C35-9E31-97CEA8472777}.Release|Any CPU.ActiveCfg = Release|Any CPU
		{2E653A67-249C-4C35-9E31-97CEA8472777}.Release|Any CPU.Build.0 = Release|Any CPU
		{DE905979-D31F-48EA-ADB7-F318E8CB81F5}.Debug|Any CPU.ActiveCfg = Debug|Any CPU
		{DE905979-D31F-48EA-ADB7-F318E8CB81F5}.Debug|Any CPU.Build.0 = Debug|Any CPU
		{DE905979-D31F-48EA-ADB7-F318E8CB81F5}.Release|Any CPU.ActiveCfg = Release|Any CPU
		{DE905979-D31F-48EA-ADB7-F318E8CB81F5}.Release|Any CPU.Build.0 = Release|Any CPU
		{C6C78D99-7EC6-4CB2-9CFB-8626998BE7E2}.Debug|Any CPU.ActiveCfg = Debug|Any CPU
		{C6C78D99-7EC6-4CB2-9CFB-8626998BE7E2}.Debug|Any CPU.Build.0 = Debug|Any CPU
		{C6C78D99-7EC6-4CB2-9CFB-8626998BE7E2}.Release|Any CPU.ActiveCfg = Release|Any CPU
		{C6C78D99-7EC6-4CB2-9CFB-8626998BE7E2}.Release|Any CPU.Build.0 = Release|Any CPU
		{874152A6-5353-4870-849F-136E6E848CD9}.Debug|Any CPU.ActiveCfg = Debug|Any CPU
		{874152A6-5353-4870-849F-136E6E848CD9}.Debug|Any CPU.Build.0 = Debug|Any CPU
		{874152A6-5353-4870-849F-136E6E848CD9}.Release|Any CPU.ActiveCfg = Release|Any CPU
		{874152A6-5353-4870-849F-136E6E848CD9}.Release|Any CPU.Build.0 = Release|Any CPU
		{E1849CC1-8EFA-49EE-A6D1-5B3E0806C977}.Debug|Any CPU.ActiveCfg = Debug|Any CPU
		{E1849CC1-8EFA-49EE-A6D1-5B3E0806C977}.Debug|Any CPU.Build.0 = Debug|Any CPU
		{E1849CC1-8EFA-49EE-A6D1-5B3E0806C977}.Release|Any CPU.ActiveCfg = Release|Any CPU
		{E1849CC1-8EFA-49EE-A6D1-5B3E0806C977}.Release|Any CPU.Build.0 = Release|Any CPU
		{1DE2CBFA-73EA-45C7-A33B-FD8E08AA69DE}.Debug|Any CPU.ActiveCfg = Debug|Any CPU
		{1DE2CBFA-73EA-45C7-A33B-FD8E08AA69DE}.Debug|Any CPU.Build.0 = Debug|Any CPU
		{1DE2CBFA-73EA-45C7-A33B-FD8E08AA69DE}.Release|Any CPU.ActiveCfg = Release|Any CPU
		{1DE2CBFA-73EA-45C7-A33B-FD8E08AA69DE}.Release|Any CPU.Build.0 = Release|Any CPU
		{7C0D5BB1-3AE6-45AD-A540-317CE34106B2}.Debug|Any CPU.ActiveCfg = Debug|Any CPU
		{7C0D5BB1-3AE6-45AD-A540-317CE34106B2}.Debug|Any CPU.Build.0 = Debug|Any CPU
		{7C0D5BB1-3AE6-45AD-A540-317CE34106B2}.Release|Any CPU.ActiveCfg = Release|Any CPU
		{7C0D5BB1-3AE6-45AD-A540-317CE34106B2}.Release|Any CPU.Build.0 = Release|Any CPU
		{FBA1F785-DAFF-458D-9558-4BA6978AFB70}.Debug|Any CPU.ActiveCfg = Debug|Any CPU
		{FBA1F785-DAFF-458D-9558-4BA6978AFB70}.Debug|Any CPU.Build.0 = Debug|Any CPU
		{FBA1F785-DAFF-458D-9558-4BA6978AFB70}.Release|Any CPU.ActiveCfg = Release|Any CPU
		{FBA1F785-DAFF-458D-9558-4BA6978AFB70}.Release|Any CPU.Build.0 = Release|Any CPU
		{B0A5A5DF-07F6-4E97-8F7C-B770992B0370}.Debug|Any CPU.ActiveCfg = Debug|Any CPU
		{B0A5A5DF-07F6-4E97-8F7C-B770992B0370}.Debug|Any CPU.Build.0 = Debug|Any CPU
		{B0A5A5DF-07F6-4E97-8F7C-B770992B0370}.Release|Any CPU.ActiveCfg = Release|Any CPU
		{B0A5A5DF-07F6-4E97-8F7C-B770992B0370}.Release|Any CPU.Build.0 = Release|Any CPU
		{0B91F8C4-9B2E-4A2A-9AE7-AB6FD9CBFCCC}.Debug|Any CPU.ActiveCfg = Debug|Any CPU
		{0B91F8C4-9B2E-4A2A-9AE7-AB6FD9CBFCCC}.Debug|Any CPU.Build.0 = Debug|Any CPU
		{0B91F8C4-9B2E-4A2A-9AE7-AB6FD9CBFCCC}.Release|Any CPU.ActiveCfg = Release|Any CPU
		{0B91F8C4-9B2E-4A2A-9AE7-AB6FD9CBFCCC}.Release|Any CPU.Build.0 = Release|Any CPU
		{37BE41AA-B661-4306-8E73-85EAED47C6C8}.Debug|Any CPU.ActiveCfg = Debug|Any CPU
		{37BE41AA-B661-4306-8E73-85EAED47C6C8}.Debug|Any CPU.Build.0 = Debug|Any CPU
		{37BE41AA-B661-4306-8E73-85EAED47C6C8}.Release|Any CPU.ActiveCfg = Release|Any CPU
		{37BE41AA-B661-4306-8E73-85EAED47C6C8}.Release|Any CPU.Build.0 = Release|Any CPU
		{6FBA6319-FB60-4E40-BB0A-ED618C1FB4FE}.Debug|Any CPU.ActiveCfg = Debug|Any CPU
		{6FBA6319-FB60-4E40-BB0A-ED618C1FB4FE}.Debug|Any CPU.Build.0 = Debug|Any CPU
		{6FBA6319-FB60-4E40-BB0A-ED618C1FB4FE}.Release|Any CPU.ActiveCfg = Release|Any CPU
		{6FBA6319-FB60-4E40-BB0A-ED618C1FB4FE}.Release|Any CPU.Build.0 = Release|Any CPU
		{2823E1CC-7E8C-4231-8C17-35494DDADBF0}.Debug|Any CPU.ActiveCfg = Debug|Any CPU
		{2823E1CC-7E8C-4231-8C17-35494DDADBF0}.Debug|Any CPU.Build.0 = Debug|Any CPU
		{2823E1CC-7E8C-4231-8C17-35494DDADBF0}.Release|Any CPU.ActiveCfg = Release|Any CPU
		{2823E1CC-7E8C-4231-8C17-35494DDADBF0}.Release|Any CPU.Build.0 = Release|Any CPU
		{829961E2-B59C-4B65-80C5-9D8916B2D188}.Debug|Any CPU.ActiveCfg = Debug|Any CPU
		{829961E2-B59C-4B65-80C5-9D8916B2D188}.Debug|Any CPU.Build.0 = Debug|Any CPU
		{829961E2-B59C-4B65-80C5-9D8916B2D188}.Release|Any CPU.ActiveCfg = Release|Any CPU
		{829961E2-B59C-4B65-80C5-9D8916B2D188}.Release|Any CPU.Build.0 = Release|Any CPU
		{65828A23-48B1-48ED-9574-69C566C291B3}.Debug|Any CPU.ActiveCfg = Debug|Any CPU
		{65828A23-48B1-48ED-9574-69C566C291B3}.Debug|Any CPU.Build.0 = Debug|Any CPU
		{65828A23-48B1-48ED-9574-69C566C291B3}.Release|Any CPU.ActiveCfg = Release|Any CPU
		{65828A23-48B1-48ED-9574-69C566C291B3}.Release|Any CPU.Build.0 = Release|Any CPU
		{DF8432EA-D8B6-4767-BE35-963F382CB40A}.Debug|Any CPU.ActiveCfg = Debug|Any CPU
		{DF8432EA-D8B6-4767-BE35-963F382CB40A}.Debug|Any CPU.Build.0 = Debug|Any CPU
		{DF8432EA-D8B6-4767-BE35-963F382CB40A}.Release|Any CPU.ActiveCfg = Release|Any CPU
		{DF8432EA-D8B6-4767-BE35-963F382CB40A}.Release|Any CPU.Build.0 = Release|Any CPU
		{46C72BDE-72FA-4CF9-8854-911AE6E72F7D}.Debug|Any CPU.ActiveCfg = Debug|Any CPU
		{46C72BDE-72FA-4CF9-8854-911AE6E72F7D}.Debug|Any CPU.Build.0 = Debug|Any CPU
		{46C72BDE-72FA-4CF9-8854-911AE6E72F7D}.Release|Any CPU.ActiveCfg = Release|Any CPU
		{46C72BDE-72FA-4CF9-8854-911AE6E72F7D}.Release|Any CPU.Build.0 = Release|Any CPU
		{92851143-C47D-4086-96A4-5711CA8FB2CE}.Debug|Any CPU.ActiveCfg = Debug|Any CPU
		{92851143-C47D-4086-96A4-5711CA8FB2CE}.Debug|Any CPU.Build.0 = Debug|Any CPU
		{92851143-C47D-4086-96A4-5711CA8FB2CE}.Release|Any CPU.ActiveCfg = Release|Any CPU
		{92851143-C47D-4086-96A4-5711CA8FB2CE}.Release|Any CPU.Build.0 = Release|Any CPU
	EndGlobalSection
EndGlobal
